
Microsoft Visual Studio Solution File, Format Version 12.00
# Visual Studio Version 17
VisualStudioVersion = 17.9.34701.34
MinimumVisualStudioVersion = 10.0.40219.1
Project("{9A19103F-16F7-4668-BE54-9A1E7A4F7556}") = "Discord-Bot", "Discord-Bot.csproj", "{C089D5B7-3399-4DCF-8C03-536E89921171}"
EndProject
Global
	GlobalSection(SolutionConfigurationPlatforms) = preSolution
		Debug|Any CPU = Debug|Any CPU
		Release|Any CPU = Release|Any CPU
	EndGlobalSection
	GlobalSection(ProjectConfigurationPlatforms) = postSolution
		{C089D5B7-3399-4DCF-8C03-536E89921171}.Debug|Any CPU.ActiveCfg = Debug|Any CPU
		{C089D5B7-3399-4DCF-8C03-536E89921171}.Debug|Any CPU.Build.0 = Debug|Any CPU
		{C089D5B7-3399-4DCF-8C03-536E89921171}.Release|Any CPU.ActiveCfg = Release|Any CPU
		{C089D5B7-3399-4DCF-8C03-536E89921171}.Release|Any CPU.Build.0 = Release|Any CPU
	EndGlobalSection
	GlobalSection(SolutionProperties) = preSolution
		HideSolutionNode = FALSE
	EndGlobalSection
	GlobalSection(ExtensibilityGlobals) = postSolution
		SolutionGuid = {F25578C7-A61F-47A8-A03F-6AC14A486938}
	EndGlobalSection
EndGlobal
